
Microsoft Visual Studio Solution File, Format Version 12.00
# Visual Studio Version 17
VisualStudioVersion = 17.0.31903.59
MinimumVisualStudioVersion = 10.0.40219.1
Project("{FAE04EC0-301F-11D3-BF4B-00C04F79EFBC}") = "BulkyBookWeb", "BulkyBookWeb\BulkyBookWeb.csproj", "{404CD2F8-CE3D-478D-A71B-1F845308C5A7}"
EndProject
Global
	GlobalSection(SolutionConfigurationPlatforms) = preSolution
		Debug|Any CPU = Debug|Any CPU
		Release|Any CPU = Release|Any CPU
	EndGlobalSection
	GlobalSection(ProjectConfigurationPlatforms) = postSolution
		{404CD2F8-CE3D-478D-A71B-1F845308C5A7}.Debug|Any CPU.ActiveCfg = Debug|Any CPU
		{404CD2F8-CE3D-478D-A71B-1F845308C5A7}.Debug|Any CPU.Build.0 = Debug|Any CPU
		{404CD2F8-CE3D-478D-A71B-1F845308C5A7}.Release|Any CPU.ActiveCfg = Release|Any CPU
		{404CD2F8-CE3D-478D-A71B-1F845308C5A7}.Release|Any CPU.Build.0 = Release|Any CPU
	EndGlobalSection
	GlobalSection(SolutionProperties) = preSolution
		HideSolutionNode = FALSE
	EndGlobalSection
	GlobalSection(ExtensibilityGlobals) = postSolution
		SolutionGuid = {A9849C15-D757-499F-8234-D9F39E55671C}
	EndGlobalSection
EndGlobal
